
Microsoft Visual Studio Solution File, Format Version 12.00
# Visual Studio Version 17
VisualStudioVersion = 17.5.33516.290
MinimumVisualStudioVersion = 10.0.40219.1
Project("{FAE04EC0-301F-11D3-BF4B-00C04F79EFBC}") = "Hesap_Bankası_Basit_Seviye", "Hesap_Bankası_Basit_Seviye\Hesap_Bankası_Basit_Seviye.csproj", "{F1B172AA-C189-450C-860D-7ABC4F8AAE2A}"
EndProject
Global
	GlobalSection(SolutionConfigurationPlatforms) = preSolution
		Debug|Any CPU = Debug|Any CPU
		Release|Any CPU = Release|Any CPU
	EndGlobalSection
	GlobalSection(ProjectConfigurationPlatforms) = postSolution
		{F1B172AA-C189-450C-860D-7ABC4F8AAE2A}.Debug|Any CPU.ActiveCfg = Debug|Any CPU
		{F1B172AA-C189-450C-860D-7ABC4F8AAE2A}.Debug|Any CPU.Build.0 = Debug|Any CPU
		{F1B172AA-C189-450C-860D-7ABC4F8AAE2A}.Release|Any CPU.ActiveCfg = Release|Any CPU
		{F1B172AA-C189-450C-860D-7ABC4F8AAE2A}.Release|Any CPU.Build.0 = Release|Any CPU
	EndGlobalSection
	GlobalSection(SolutionProperties) = preSolution
		HideSolutionNode = FALSE
	EndGlobalSection
	GlobalSection(ExtensibilityGlobals) = postSolution
		SolutionGuid = {82B7B8F8-84AB-4745-A0D9-6A7229286EC1}
	EndGlobalSection
EndGlobal
